
Microsoft Visual Studio Solution File, Format Version 12.00
# Visual Studio Version 16
VisualStudioVersion = 16.0.29519.87
MinimumVisualStudioVersion = 10.0.40219.1
Project("{FAE04EC0-301F-11D3-BF4B-00C04F79EFBC}") = "Hangman", "Hangman\Hangman.csproj", "{527E6500-5579-4579-AA40-F8B700EEA210}"
EndProject
Global
	GlobalSection(SolutionConfigurationPlatforms) = preSolution
		Debug|Any CPU = Debug|Any CPU
		Release|Any CPU = Release|Any CPU
	EndGlobalSection
	GlobalSection(ProjectConfigurationPlatforms) = postSolution
		{527E6500-5579-4579-AA40-F8B700EEA210}.Debug|Any CPU.ActiveCfg = Debug|Any CPU
		{527E6500-5579-4579-AA40-F8B700EEA210}.Debug|Any CPU.Build.0 = Debug|Any CPU
		{527E6500-5579-4579-AA40-F8B700EEA210}.Release|Any CPU.ActiveCfg = Release|Any CPU
		{527E6500-5579-4579-AA40-F8B700EEA210}.Release|Any CPU.Build.0 = Release|Any CPU
	EndGlobalSection
	GlobalSection(SolutionProperties) = preSolution
		HideSolutionNode = FALSE
	EndGlobalSection
	GlobalSection(ExtensibilityGlobals) = postSolution
		SolutionGuid = {E2D1A2E5-2929-43CD-87BC-30C9B10FF8E7}
	EndGlobalSection
EndGlobal
